
Microsoft Visual Studio Solution File, Format Version 12.00
# Visual Studio 2012
Project("{FAE04EC0-301F-11D3-BF4B-00C04F79EFBC}") = "welcome", "welcome\welcome.csproj", "{D3F02C5C-8459-4F44-A02D-3DDD0AED6D41}"
EndProject
Global
	GlobalSection(SolutionConfigurationPlatforms) = preSolution
		Debug|Any CPU = Debug|Any CPU
		Release|Any CPU = Release|Any CPU
	EndGlobalSection
	GlobalSection(ProjectConfigurationPlatforms) = postSolution
		{D3F02C5C-8459-4F44-A02D-3DDD0AED6D41}.Debug|Any CPU.ActiveCfg = Debug|Any CPU
		{D3F02C5C-8459-4F44-A02D-3DDD0AED6D41}.Debug|Any CPU.Build.0 = Debug|Any CPU
		{D3F02C5C-8459-4F44-A02D-3DDD0AED6D41}.Release|Any CPU.ActiveCfg = Release|Any CPU
		{D3F02C5C-8459-4F44-A02D-3DDD0AED6D41}.Release|Any CPU.Build.0 = Release|Any CPU
	EndGlobalSection
EndGlobal
